
Microsoft Visual Studio Solution File, Format Version 12.00
# Visual Studio 15
VisualStudioVersion = 15.0.27703.2047
MinimumVisualStudioVersion = 10.0.40219.1
Project("{8BC9CEB8-8B4A-11D0-8D11-00A0C91BC942}") = "GUI messenger", "GUI messenger.vcxproj", "{15FDA274-C048-444D-9E90-1F88FD19A490}"
EndProject
Global
	GlobalSection(SolutionConfigurationPlatforms) = preSolution
		Debug|x64 = Debug|x64
		Debug|x86 = Debug|x86
		Release|x64 = Release|x64
		Release|x86 = Release|x86
	EndGlobalSection
	GlobalSection(ProjectConfigurationPlatforms) = postSolution
		{15FDA274-C048-444D-9E90-1F88FD19A490}.Debug|x64.ActiveCfg = Debug|x64
		{15FDA274-C048-444D-9E90-1F88FD19A490}.Debug|x64.Build.0 = Debug|x64
		{15FDA274-C048-444D-9E90-1F88FD19A490}.Debug|x86.ActiveCfg = Debug|Win32
		{15FDA274-C048-444D-9E90-1F88FD19A490}.Debug|x86.Build.0 = Debug|Win32
		{15FDA274-C048-444D-9E90-1F88FD19A490}.Release|x64.ActiveCfg = Release|x64
		{15FDA274-C048-444D-9E90-1F88FD19A490}.Release|x64.Build.0 = Release|x64
		{15FDA274-C048-444D-9E90-1F88FD19A490}.Release|x86.ActiveCfg = Release|Win32
		{15FDA274-C048-444D-9E90-1F88FD19A490}.Release|x86.Build.0 = Release|Win32
	EndGlobalSection
	GlobalSection(SolutionProperties) = preSolution
		HideSolutionNode = FALSE
	EndGlobalSection
	GlobalSection(ExtensibilityGlobals) = postSolution
		SolutionGuid = {4625B1F6-5FB5-40DE-A12A-C24195F76EFB}
	EndGlobalSection
EndGlobal
